
Microsoft Visual Studio Solution File, Format Version 12.00
# Visual Studio Version 16
VisualStudioVersion = 16.0.29728.190
MinimumVisualStudioVersion = 10.0.40219.1
Project("{FAE04EC0-301F-11D3-BF4B-00C04F79EFBC}") = "jQueryDataTable", "jQueryDataTable\jQueryDataTable.csproj", "{1D98977E-F0B8-436D-8682-5BE40CAF6BD2}"
EndProject
Global
	GlobalSection(SolutionConfigurationPlatforms) = preSolution
		Debug|Any CPU = Debug|Any CPU
		Release|Any CPU = Release|Any CPU
	EndGlobalSection
	GlobalSection(ProjectConfigurationPlatforms) = postSolution
		{1D98977E-F0B8-436D-8682-5BE40CAF6BD2}.Debug|Any CPU.ActiveCfg = Debug|Any CPU
		{1D98977E-F0B8-436D-8682-5BE40CAF6BD2}.Debug|Any CPU.Build.0 = Debug|Any CPU
		{1D98977E-F0B8-436D-8682-5BE40CAF6BD2}.Release|Any CPU.ActiveCfg = Release|Any CPU
		{1D98977E-F0B8-436D-8682-5BE40CAF6BD2}.Release|Any CPU.Build.0 = Release|Any CPU
	EndGlobalSection
	GlobalSection(SolutionProperties) = preSolution
		HideSolutionNode = FALSE
	EndGlobalSection
	GlobalSection(ExtensibilityGlobals) = postSolution
		SolutionGuid = {C7AD1578-BEAA-413C-911C-814A7FF2AB6C}
	EndGlobalSection
EndGlobal
